Microsoft Visual Studio Solution File, Format Version 12.00
# Visual Studio 15
VisualStudioVersion = 15.0.27004.2002
MinimumVisualStudioVersion = 15.0.26124.0
Project("{9A19103F-16F7-4668-BE54-9A1E7A4F7556}") = "JsonRpcGateway", "JsonRpcGateway\JsonRpcGateway.csproj", "{1FA1117D-AB65-4B2E-82A7-5B5EFD7D030E}"
EndProject
Project("{9A19103F-16F7-4668-BE54-9A1E7A4F7556}") = "UnitTest.JsonRpcGateway", "UnitTest.JsonRpcGateway\UnitTest.JsonRpcGateway.csproj", "{744BEC7A-08AF-4EB2-9C47-7B644A5AE290}"
EndProject
Global
	GlobalSection(SolutionConfigurationPlatforms) = preSolution
		Debug|Any CPU = Debug|Any CPU
		Debug|x64 = Debug|x64
		Debug|x86 = Debug|x86
		Release|Any CPU = Release|Any CPU
		Release|x64 = Release|x64
		Release|x86 = Release|x86
	EndGlobalSection
	GlobalSection(ProjectConfigurationPlatforms) = postSolution
		{1FA1117D-AB65-4B2E-82A7-5B5EFD7D030E}.Debug|Any CPU.ActiveCfg = Debug|Any CPU
		{1FA1117D-AB65-4B2E-82A7-5B5EFD7D030E}.Debug|Any CPU.Build.0 = Debug|Any CPU
		{1FA1117D-AB65-4B2E-82A7-5B5EFD7D030E}.Debug|x64.ActiveCfg = Debug|Any CPU
		{1FA1117D-AB65-4B2E-82A7-5B5EFD7D030E}.Debug|x64.Build.0 = Debug|Any CPU
		{1FA1117D-AB65-4B2E-82A7-5B5EFD7D030E}.Debug|x86.ActiveCfg = Debug|Any CPU
		{1FA1117D-AB65-4B2E-82A7-5B5EFD7D030E}.Debug|x86.Build.0 = Debug|Any CPU
		{1FA1117D-AB65-4B2E-82A7-5B5EFD7D030E}.Release|Any CPU.ActiveCfg = Release|Any CPU
		{1FA1117D-AB65-4B2E-82A7-5B5EFD7D030E}.Release|Any CPU.Build.0 = Release|Any CPU
		{1FA1117D-AB65-4B2E-82A7-5B5EFD7D030E}.Release|x64.ActiveCfg = Release|Any CPU
		{1FA1117D-AB65-4B2E-82A7-5B5EFD7D030E}.Release|x64.Build.0 = Release|Any CPU
		{1FA1117D-AB65-4B2E-82A7-5B5EFD7D030E}.Release|x86.ActiveCfg = Release|Any CPU
		{1FA1117D-AB65-4B2E-82A7-5B5EFD7D030E}.Release|x86.Build.0 = Release|Any CPU
		{744BEC7A-08AF-4EB2-9C47-7B644A5AE290}.Debug|Any CPU.ActiveCfg = Debug|Any CPU
		{744BEC7A-08AF-4EB2-9C47-7B644A5AE290}.Debug|Any CPU.Build.0 = Debug|Any CPU
		{744BEC7A-08AF-4EB2-9C47-7B644A5AE290}.Debug|x64.ActiveCfg = Debug|Any CPU
		{744BEC7A-08AF-4EB2-9C47-7B644A5AE290}.Debug|x64.Build.0 = Debug|Any CPU
		{744BEC7A-08AF-4EB2-9C47-7B644A5AE290}.Debug|x86.ActiveCfg = Debug|Any CPU
		{744BEC7A-08AF-4EB2-9C47-7B644A5AE290}.Debug|x86.Build.0 = Debug|Any CPU
		{744BEC7A-08AF-4EB2-9C47-7B644A5AE290}.Release|Any CPU.ActiveCfg = Release|Any CPU
		{744BEC7A-08AF-4EB2-9C47-7B644A5AE290}.Release|Any CPU.Build.0 = Release|Any CPU
		{744BEC7A-08AF-4EB2-9C47-7B644A5AE290}.Release|x64.ActiveCfg = Release|Any CPU
		{744BEC7A-08AF-4EB2-9C47-7B644A5AE290}.Release|x64.Build.0 = Release|Any CPU
		{744BEC7A-08AF-4EB2-9C47-7B644A5AE290}.Release|x86.ActiveCfg = Release|Any CPU
		{744BEC7A-08AF-4EB2-9C47-7B644A5AE290}.Release|x86.Build.0 = Release|Any CPU
	EndGlobalSection
	GlobalSection(SolutionProperties) = preSolution
		HideSolutionNode = FALSE
	EndGlobalSection
	GlobalSection(ExtensibilityGlobals) = postSolution
		SolutionGuid = {5776C9D8-591C-4A6D-B693-3B240A17DB48}
	EndGlobalSection
EndGlobal
